<?xml version="1.0" encoding="utf-8"?>
<Project ToolsVersion="4.0" xmlns="http://schemas.microsoft.com/developer/msbuild/2003">
  <ItemGroup>
    <ClCompile Include="src\ellipse.cpp" />
    <ClCompile Include="src\main.cpp" />
    <ClCompile Include="src\monster.cpp" />
    <ClCompile Include="src\omech.cpp" />
    <ClCompile Include="src\orbit.cpp" />
    <ClCompile Include="src\orbit_path.cpp" />
    <ClCompile Include="src\planet.cpp" />
    <ClCompile Include="src\ship.cpp" />
    <ClCompile Include="gaf\gaf_math.cpp" />
    <ClCompile Include="gaf\keyboard.cpp" />
    <ClCompile Include="gaf\mouse.cpp" />
    <ClCompile Include="gaf\screenutil.cpp" />
    <ClCompile Include="gaf\textutils.cpp" />
    <ClCompile Include="gaf\timer.cpp" />
    <ClCompile Include="gaf\gaf_glut.cpp" />
    <ClCompile Include="gaf\src\exit_on_escape.cpp" />
    <ClCompile Include="gaf\src\base_actor.cpp" />
    <ClCompile Include="gaf\src\shapes.cpp" />
    <ClCompile Include="gaf\src\game_engine.cpp" />
    <ClCompile Include="gaf\src\transform.cpp" />
    <ClCompile Include="src\podeq_game.cpp" />
  </ItemGroup>
  <ItemGroup>
    <ClInclude Include="lib\GL\freeglut.h" />
    <ClInclude Include="lib\GL\freeglut_ext.h" />
    <ClInclude Include="lib\GL\freeglut_std.h" />
    <ClInclude Include="lib\GL\glew.h" />
    <ClInclude Include="lib\GL\glut.h" />
    <ClInclude Include="lib\GL\glxew.h" />
    <ClInclude Include="lib\GL\wglew.h" />
    <ClInclude Include="include\defines.h" />
    <ClInclude Include="include\ellipse.h" />
    <ClInclude Include="include\monster.h" />
    <ClInclude Include="include\omech.h" />
    <ClInclude Include="include\orbit.h" />
    <ClInclude Include="include\orbit_path.h" />
    <ClInclude Include="include\planet.h" />
    <ClInclude Include="include\ship.h" />
    <ClInclude Include="include\start_params.h" />
    <ClInclude Include="gaf\gaf_math.h" />
    <ClInclude Include="gaf\keyboard.h" />
    <ClInclude Include="gaf\mouse.h" />
    <ClInclude Include="gaf\screenutil.h" />
    <ClInclude Include="gaf\textutils.h" />
    <ClInclude Include="gaf\timer.h" />
    <ClInclude Include="gaf\vector.h" />
    <ClInclude Include="gaf\gaf_glut.h" />
    <ClInclude Include="gaf\include\draw_task.h" />
    <ClInclude Include="gaf\include\input_task.h" />
    <ClInclude Include="gaf\include\update_task.h" />
    <ClInclude Include="gaf\include\exit_on_escape.h" />
    <ClInclude Include="gaf\include\base_actor.h" />
    <ClInclude Include="gaf\include\shapes.h" />
    <ClInclude Include="gaf\include\game_engine.h" />
    <ClInclude Include="gaf\include\transform.h" />
    <ClInclude Include="include\podeq_game.h" />
  </ItemGroup>
</Project>